{
    "requires": true,
    "lockfileVersion": 1,
    "dependencies": {
        "@material/animation": {
            "version": "12.0.0",
            "resolved": "https://registry.npmjs.org/@material/animation/-/animation-12.0.0.tgz",
            "integrity": "sha512-PfRHehbW6xrNaAb5RELmyxn9+pGTYwzxUnT43TdmOOTN+J45MRH8c90ZSdczich6gp7tgyTQsd3HtB5yRgBsIA==",
            "requires": {
                "tslib": "^2.1.0"
            }
        },
        "@material/base": {
            "version": "12.0.0",
            "resolved": "https://registry.npmjs.org/@material/base/-/base-12.0.0.tgz",
            "integrity": "sha512-LcAQGFhuGM5B9BJQPoDYXhka+gkKvjKN6HdmCpKq55EkUoHeEnbu6IT2MOQjhcULTlQdcdGP77YNNGYdv3fGsA==",
            "requires": {
                "tslib": "^2.1.0"
            }
        },
        "@material/density": {
            "version": "12.0.0",
            "resolved": "https://registry.npmjs.org/@material/density/-/density-12.0.0.tgz",
            "integrity": "sha512-7kWsFPiiTcw5FKdm6zvMp3ygLhHINXMScrUcRTW9RoIzC6EgWrzF/UC1XEt48Yg4Ux6K/98QJ4B53CoVv1Z/OQ==",
            "requires": {
                "tslib": "^2.1.0"
            }
        },
        "@material/dom": {
            "version": "12.0.0",
            "resolved": "https://registry.npmjs.org/@material/dom/-/dom-12.0.0.tgz",
            "integrity": "sha512-vaQi+bNMv3UMSG2wwMEYen36Or32XY/djGmes5KRi8TxDBzAH9HNuE9CxYBrZqYzYFrAIfvXyEIZhlhY+3WLlg==",
            "requires": {
                "@material/feature-targeting": "^12.0.0",
                "tslib": "^2.1.0"
            }
        },
        "@material/elevation": {
            "version": "12.0.0",
            "resolved": "https://registry.npmjs.org/@material/elevation/-/elevation-12.0.0.tgz",
            "integrity": "sha512-PWTACGNus2cdNL6V6+AhT3tC+YKyP2ujQn+izXNGXLXFc/FHk+lHLvwwr71D7bApy2hPMndHJ4DtF36qfAM1tw==",
            "requires": {
                "@material/animation": "^12.0.0",
                "@material/base": "^12.0.0",
                "@material/feature-targeting": "^12.0.0",
                "@material/theme": "^12.0.0",
                "tslib": "^2.1.0"
            }
        },
        "@material/feature-targeting": {
            "version": "12.0.0",
            "resolved": "https://registry.npmjs.org/@material/feature-targeting/-/feature-targeting-12.0.0.tgz",
            "integrity": "sha512-BbdYzZmGg886X3gvKPxfM5etNwhmKR4PT33NRc7PTKivCHitre8zjgb7kKW1vRLV4YnB54sp9L7tr/QcbbbXGg==",
            "requires": {
                "tslib": "^2.1.0"
            }
        },
        "@material/ripple": {
            "version": "12.0.0",
            "resolved": "https://registry.npmjs.org/@material/ripple/-/ripple-12.0.0.tgz",
            "integrity": "sha512-gxtbZHeRnE93KwkT1oTU07ap3mOJpbLDY7Edlybd4ZF9ar8Pyj0245rf5MKagubzgNBFzOESDEsIjuCfLV1cUw==",
            "requires": {
                "@material/animation": "^12.0.0",
                "@material/base": "^12.0.0",
                "@material/dom": "^12.0.0",
                "@material/feature-targeting": "^12.0.0",
                "@material/theme": "^12.0.0",
                "tslib": "^2.1.0"
            }
        },
        "@material/rtl": {
            "version": "12.0.0",
            "resolved": "https://registry.npmjs.org/@material/rtl/-/rtl-12.0.0.tgz",
            "integrity": "sha512-JmFyyWr2GFa1ODSsq0jaImj6NprDpts3L3riyvsTQVnJDDKyJwYkyjFbssuIqB9wO3IfVPj5JyTKNoTLraW7dA==",
            "requires": {
                "@material/theme": "^12.0.0",
                "tslib": "^2.1.0"
            }
        },
        "@material/tab": {
            "version": "12.0.0",
            "resolved": "https://registry.npmjs.org/@material/tab/-/tab-12.0.0.tgz",
            "integrity": "sha512-KMJ2Zi5aGzrE6tvs829JppauvZvETweQP6IKBx/vQUXIltIlRirZ5Qb29+zwYABEz1+CxLzQkd1a9XXqHQNNQA==",
            "requires": {
                "@material/base": "^12.0.0",
                "@material/elevation": "^12.0.0",
                "@material/feature-targeting": "^12.0.0",
                "@material/ripple": "^12.0.0",
                "@material/rtl": "^12.0.0",
                "@material/tab-indicator": "^12.0.0",
                "@material/theme": "^12.0.0",
                "@material/typography": "^12.0.0",
                "tslib": "^2.1.0"
            }
        },
        "@material/tab-bar": {
            "version": "12.0.0",
            "resolved": "https://registry.npmjs.org/@material/tab-bar/-/tab-bar-12.0.0.tgz",
            "integrity": "sha512-lfA2RUZo0kwKqc5Pm07n6E1Liqr0pi9EATmmsqswFphIqfKu+ODqgS0o6OAekmeFL5Mny+kJuAOh6i1l1sT8Ug==",
            "requires": {
                "@material/animation": "^12.0.0",
                "@material/base": "^12.0.0",
                "@material/density": "^12.0.0",
                "@material/elevation": "^12.0.0",
                "@material/feature-targeting": "^12.0.0",
                "@material/tab": "^12.0.0",
                "@material/tab-indicator": "^12.0.0",
                "@material/tab-scroller": "^12.0.0",
                "@material/theme": "^12.0.0",
                "@material/typography": "^12.0.0",
                "tslib": "^2.1.0"
            }
        },
        "@material/tab-indicator": {
            "version": "12.0.0",
            "resolved": "https://registry.npmjs.org/@material/tab-indicator/-/tab-indicator-12.0.0.tgz",
            "integrity": "sha512-PAW2n8d1JOUn0OpUAZx8KkH7Oiv1EaZq1fOapk9t4shPruzmrvzDrJ4omN82FhCf5z873EPNzgPa6fD+Rg5pjg==",
            "requires": {
                "@material/animation": "^12.0.0",
                "@material/base": "^12.0.0",
                "@material/feature-targeting": "^12.0.0",
                "@material/theme": "^12.0.0",
                "tslib": "^2.1.0"
            }
        },
        "@material/tab-scroller": {
            "version": "12.0.0",
            "resolved": "https://registry.npmjs.org/@material/tab-scroller/-/tab-scroller-12.0.0.tgz",
            "integrity": "sha512-t/4b9/xJHJBx/qINzOaxn5JKBMoz5NG2FeLeSX4SkigExeVWyAGY+SSw5u/aeVi1BJzXQpsAX2ypbVTgiIMdxw==",
            "requires": {
                "@material/animation": "^12.0.0",
                "@material/base": "^12.0.0",
                "@material/dom": "^12.0.0",
                "@material/feature-targeting": "^12.0.0",
                "@material/tab": "^12.0.0",
                "tslib": "^2.1.0"
            }
        },
        "@material/theme": {
            "version": "12.0.0",
            "resolved": "https://registry.npmjs.org/@material/theme/-/theme-12.0.0.tgz",
            "integrity": "sha512-E9gFLpOcwtJ2GiPg8S4w+9eaqFNgLO67Yyftcu1XgswAHBFiI7qAHTDYH21H4W88RKlf3sTNyHtzigbTenPUNg==",
            "requires": {
                "@material/feature-targeting": "^12.0.0",
                "tslib": "^2.1.0"
            }
        },
        "@material/typography": {
            "version": "12.0.0",
            "resolved": "https://registry.npmjs.org/@material/typography/-/typography-12.0.0.tgz",
            "integrity": "sha512-NIAczsiUueV445+686qdVQC0QohIJDIOyVWbdNKnhkUmo23FcINLEcDMAtpvS0CJyqSHm8uWq1R585Wbx2kvdQ==",
            "requires": {
                "@material/feature-targeting": "^12.0.0",
                "@material/theme": "^12.0.0",
                "tslib": "^2.1.0"
            }
        },
        "axios": {
            "version": "0.19.2",
            "resolved": "https://registry.npmjs.org/axios/-/axios-0.19.2.tgz",
            "integrity": "sha512-fjgm5MvRHLhx+osE2xoekY70AhARk3a6hkN+3Io1jc00jtquGvxYlKlsFUhmUET0V5te6CcZI7lcv2Ym61mjHA==",
            "dev": true,
            "requires": {
                "follow-redirects": "1.5.10"
            }
        },
        "debug": {
            "version": "3.1.0",
            "resolved": "https://registry.npmjs.org/debug/-/debug-3.1.0.tgz",
            "integrity": "sha512-OX8XqP7/1a9cqkxYw2yXss15f26NKWBpDXQd0/uK/KPqdQhxbPa994hnzjcE2VqQpDslf55723cKPUOGSmMY3g==",
            "dev": true,
            "requires": {
                "ms": "2.0.0"
            }
        },
        "follow-redirects": {
            "version": "1.5.10",
            "resolved": "https://registry.npmjs.org/follow-redirects/-/follow-redirects-1.5.10.tgz",
            "integrity": "sha512-0V5l4Cizzvqt5D44aTXbFZz+FtyXV1vrDN6qrelxtfYQKW0KO0W2T/hkE8xvGa/540LkZlkaUjO4ailYTFtHVQ==",
            "dev": true,
            "requires": {
                "debug": "=3.1.0"
            }
        },
        "ms": {
            "version": "2.0.0",
            "resolved": "https://registry.npmjs.org/ms/-/ms-2.0.0.tgz",
            "integrity": "sha1-VgiurfwAvmwpAd9fmGF4jeDVl8g=",
            "dev": true
        },
        "tslib": {
            "version": "2.3.0",
            "resolved": "https://registry.npmjs.org/tslib/-/tslib-2.3.0.tgz",
            "integrity": "sha512-N82ooyxVNm6h1riLCoyS9e3fuJ3AMG2zIZs2Gd1ATcSFjSA23Q0fzjjZeh0jbJvWVDZ0cJT8yaNNaaXHzueNjg=="
        },
        "vue": {
            "version": "2.6.11",
            "resolved": "https://registry.npmjs.org/vue/-/vue-2.6.11.tgz",
            "integrity": "sha512-VfPwgcGABbGAue9+sfrD4PuwFar7gPb1yl1UK1MwXoQPAw0BKSqWfoYCT/ThFrdEVWoI51dBuyCoiNU9bZDZxQ=="
        },
        "vue-router": {
            "version": "3.4.2",
            "resolved": "https://registry.npmjs.org/vue-router/-/vue-router-3.4.2.tgz",
            "integrity": "sha512-n3Ok70hW0EpcJF4lcWIwSHAQbFTnIOLl/fhO8+oTs4jHNtBNsovcVvPZeTOyKEd8C3xF1Crft2ASuOiVT5K1mw==",
            "dev": true
        },
        "vue-select2": {
            "version": "0.2.6",
            "resolved": "https://registry.npmjs.org/vue-select2/-/vue-select2-0.2.6.tgz",
            "integrity": "sha1-09u/9lbXq3VbOs7kinJe/R/Q/Bs="
        }
    }
}
